
Microsoft Visual Studio Solution File, Format Version 12.00
# Visual Studio Version 16
VisualStudioVersion = 16.0.30503.244
MinimumVisualStudioVersion = 10.0.40219.1
Project("{9A19103F-16F7-4668-BE54-9A1E7A4F7556}") = "OLClubs", "OLClubs\OLClubs.csproj", "{516DDAA2-8EB5-4646-8E23-0AC481FC3415}"
EndProject
Project("{FAE04EC0-301F-11D3-BF4B-00C04F79EFBC}") = "OLClassLibrary", "OLClassLibrary\OLClassLibrary.csproj", "{6E8D0523-9148-4B2E-A016-AF185A83A304}"
EndProject
Global
	GlobalSection(SolutionConfigurationPlatforms) = preSolution
		Debug|Any CPU = Debug|Any CPU
		Release|Any CPU = Release|Any CPU
	EndGlobalSection
	GlobalSection(ProjectConfigurationPlatforms) = postSolution
		{516DDAA2-8EB5-4646-8E23-0AC481FC3415}.Debug|Any CPU.ActiveCfg = Debug|Any CPU
		{516DDAA2-8EB5-4646-8E23-0AC481FC3415}.Debug|Any CPU.Build.0 = Debug|Any CPU
		{516DDAA2-8EB5-4646-8E23-0AC481FC3415}.Release|Any CPU.ActiveCfg = Release|Any CPU
		{516DDAA2-8EB5-4646-8E23-0AC481FC3415}.Release|Any CPU.Build.0 = Release|Any CPU
		{6E8D0523-9148-4B2E-A016-AF185A83A304}.Debug|Any CPU.ActiveCfg = Debug|Any CPU
		{6E8D0523-9148-4B2E-A016-AF185A83A304}.Debug|Any CPU.Build.0 = Debug|Any CPU
		{6E8D0523-9148-4B2E-A016-AF185A83A304}.Release|Any CPU.ActiveCfg = Release|Any CPU
		{6E8D0523-9148-4B2E-A016-AF185A83A304}.Release|Any CPU.Build.0 = Release|Any CPU
	EndGlobalSection
	GlobalSection(SolutionProperties) = preSolution
		HideSolutionNode = FALSE
	EndGlobalSection
	GlobalSection(ExtensibilityGlobals) = postSolution
		SolutionGuid = {22F4498C-417D-43FF-8862-C6AE9A991DE3}
	EndGlobalSection
EndGlobal
